{
    "_meta": {
        "hash": {
            "sha256": "c47315997bb8436ba965d96a396404d1d8bfb4c28d81b8ac95a89e108426a6e1"
        },
        "pipfile-spec": 6,
        "requires": {},
        "sources": [
            {
                "name": "pypi",
                "url": "https://pypi.python.org/simple",
                "verify_ssl": true
            }
        ]
    },
    "default": {
        "beautifulsoup4": {
            "hashes": [
                "sha256:58d5c3d29f5a36ffeb94f02f0d786cd53014cf9b3b3951d42e0080d8a9498d30",
                "sha256:ad9aa55b65ef2808eb405f46cf74df7fcb7044d5cbc26487f96eb2ef2e436693"
            ],
            "markers": "python_version >= '3.6'",
            "version": "==4.11.1"
        },
        "bs4": {
            "hashes": [
                "sha256:36ecea1fd7cc5c0c6e4a1ff075df26d50da647b75376626cc186e2212886dd3a"
            ],
            "index": "pypi",
            "version": "==0.0.1"
        },
        "cachetools": {
            "hashes": [
                "sha256:6a94c6402995a99c3970cc7e4884bb60b4a8639938157eeed436098bf9831757",
                "sha256:f9f17d2aec496a9aa6b76f53e3b614c965223c061982d434d160f930c698a9db"
            ],
            "markers": "python_version ~= '3.7'",
            "version": "==5.2.0"
        },
        "certifi": {
            "hashes": [
                "sha256:84c85a9078b11105f04f3036a9482ae10e4621616db313fe045dd24743a0820d",
                "sha256:fe86415d55e84719d75f8b69414f6438ac3547d2078ab91b67e779ef69378412"
            ],
            "markers": "python_version >= '3.6'",
            "version": "==2022.6.15"
        },
        "chardet": {
            "hashes": [
                "sha256:84ab92ed1c4d4f16916e05906b6b75a6c0fb5db821cc65e70cbd64a3e2a5eaae",
                "sha256:fc323ffcaeaed0e0a02bf4d117757b98aed530d9ed4531e3e15460124c106691"
            ],
            "version": "==3.0.4"
        },
        "charset-normalizer": {
            "hashes": [
                "sha256:5189b6f22b01957427f35b6a08d9a0bc45b46d3788ef5a92e978433c7a35f8a5",
                "sha256:575e708016ff3a5e3681541cb9d79312c416835686d054a23accb873b254f413"
            ],
            "markers": "python_version >= '3.6'",
            "version": "==2.1.0"
        },
        "click": {
            "hashes": [
                "sha256:7682dc8afb30297001674575ea00d1814d808d6a36af415a82bd481d37ba7b8e",
                "sha256:bb4d8133cb15a609f44e8213d9b391b0809795062913b383c62be0ee95b1db48"
            ],
            "markers": "python_version >= '3.7'",
            "version": "==8.1.3"
        },
        "frozendict": {
            "hashes": [
                "sha256:0eed41fd326f0bcc779837d8d9e1374da1bc9857fe3b9f2910195bbd5fff3aeb",
                "sha256:1db5035ddbed995badd1a62c4102b5e207b5aeb24472df2c60aba79639d7996b",
                "sha256:4246fc4cb1413645ba4d3513939b90d979a5bae724be605a10b2b26ee12f839c",
                "sha256:4fb171d1e84d17335365877e19d17440373b47ca74a73c06f65ac0b16d01e87f",
                "sha256:608b77904cd0117cd816df605a80d0043a5326ee62529327d2136c792165a823",
                "sha256:680cd42fb0a255da1ce45678ccbd7f69da750d5243809524ebe8f45b2eda6e6b",
                "sha256:6882a9bbe08ab9b5ff96ce11bdff3fe40b114b9813bc6801261e2a7b45e20012",
                "sha256:6a7f3a181d6722c92a9fab12d0c5c2b006a18ca5666098531f316d1e1c8984e3",
                "sha256:7fac4542f0a13fbe704db4942f41ba3abffec5af8b100025973e59dff6a09d0d",
                "sha256:82176dc7adf01cf8f0193e909401939415a230a1853f4a672ec1629a06ceae18",
                "sha256:87cfd00fafbc147d8cd2590d1109b7db8ac8d7d5bdaa708ba46caee132b55d4d",
                "sha256:952c5e5e664578c5c2ce8489ee0ab6a1855da02b58ef593ee728fc10d672641a",
                "sha256:b1cb866eabb3c1384a7fe88e1e1033e2b6623073589012ab637c552bf03f6364",
                "sha256:bde28db6b5868dd3c45b3555f9d1dc5a1cca6d93591502fa5dcecce0dde6a335",
                "sha256:c0a3640e9d7533d164160b758351aa49d9e85bbe0bd76d219d4021e90ffa6a52",
                "sha256:c1c70826aa4a50fa283fe161834ac4a3ac7c753902c980bb8b595b0998a38ddb",
                "sha256:fb09761e093cfabb2f179dbfdb2521e1ec5701df714d1eb5c51fa7849027be19"
            ],
            "markers": "python_version >= '3.6'",
            "version": "==2.3.2"
        },
        "googletrans": {
            "hashes": [
                "sha256:d20373a7975791318a7e5d6c6e3205012d7a990b8fabbfc6b0c16017a6dfae04"
            ],
            "index": "pypi",
            "version": "==3.1.0a0"
        },
        "h11": {
            "hashes": [
                "sha256:33d4bca7be0fa039f4e84d50ab00531047e53d6ee8ffbc83501ea602c169cae1",
                "sha256:4bc6d6a1238b7615b266ada57e0618568066f57dd6fa967d1290ec9309b2f2f1"
            ],
            "version": "==0.9.0"
        },
        "h2": {
            "hashes": [
                "sha256:61e0f6601fa709f35cdb730863b4e5ec7ad449792add80d1410d4174ed139af5",
                "sha256:875f41ebd6f2c44781259005b157faed1a5031df3ae5aa7bcb4628a6c0782f14"
            ],
            "version": "==3.2.0"
        },
        "hpack": {
            "hashes": [
                "sha256:0edd79eda27a53ba5be2dfabf3b15780928a0dff6eb0c60a3d6767720e970c89",
                "sha256:8eec9c1f4bfae3408a3f30500261f7e6a65912dc138526ea054f9ad98892e9d2"
            ],
            "version": "==3.0.0"
        },
        "hstspreload": {
            "hashes": [
                "sha256:d9cd749fbb6ff6ca1a8945c4a48cb6f33d2f6d066cb5f9752a8b64a134ed5260",
                "sha256:e8f03aac620d1947d66e311b706b46cc24a36792b346db7b483f148360843921"
            ],
            "markers": "python_version >= '3.6'",
            "version": "==2021.12.1"
        },
        "httpcore": {
            "hashes": [
                "sha256:9850fe97a166a794d7e920590d5ec49a05488884c9fc8b5dba8561effab0c2a0",
                "sha256:ecc5949310d9dae4de64648a4ce529f86df1f232ce23dcfefe737c24d21dfbe9"
            ],
            "markers": "python_version >= '3.6'",
            "version": "==0.9.1"
        },
        "httpx": {
            "hashes": [
                "sha256:32d930858eab677bc29a742aaa4f096de259f1c78c68a90ad11f5c3c04f08335",
                "sha256:3642bd13e90b80ba8a243a730275eb10a4c26ec96f5fc16b87e458d4ab21efae"
            ],
            "markers": "python_version >= '3.6'",
            "version": "==0.13.3"
        },
        "hyperframe": {
            "hashes": [
                "sha256:5187962cb16dcc078f23cb5a4b110098d546c3f41ff2d4038a9896893bbd0b40",
                "sha256:a9f5c17f2cc3c719b917c4f33ed1c61bd1f8dfac4b1bd23b7c80b3400971b41f"
            ],
            "version": "==5.2.0"
        },
        "idna": {
            "hashes": [
                "sha256:b307872f855b18632ce0c21c5e45be78c0ea7ae4c15c828c20788b26921eb3f6",
                "sha256:b97d804b1e9b523befed77c48dacec60e6dcb0b5391d57af6a65a312a90648c0"
            ],
            "markers": "python_version >= '2.7' and python_version not in '3.0, 3.1, 3.2, 3.3'",
            "version": "==2.10"
        },
        "lxml": {
            "hashes": [
                "sha256:04da965dfebb5dac2619cb90fcf93efdb35b3c6994fea58a157a834f2f94b318",
                "sha256:0538747a9d7827ce3e16a8fdd201a99e661c7dee3c96c885d8ecba3c35d1032c",
                "sha256:0645e934e940107e2fdbe7c5b6fb8ec6232444260752598bc4d09511bd056c0b",
                "sha256:079b68f197c796e42aa80b1f739f058dcee796dc725cc9a1be0cdb08fc45b000",
                "sha256:0f3f0059891d3254c7b5fb935330d6db38d6519ecd238ca4fce93c234b4a0f73",
                "sha256:10d2017f9150248563bb579cd0d07c61c58da85c922b780060dcc9a3aa9f432d",
                "sha256:1355755b62c28950f9ce123c7a41460ed9743c699905cbe664a5bcc5c9c7c7fb",
                "sha256:13c90064b224e10c14dcdf8086688d3f0e612db53766e7478d7754703295c7c8",
                "sha256:1423631e3d51008871299525b541413c9b6c6423593e89f9c4cfbe8460afc0a2",
                "sha256:1436cf0063bba7888e43f1ba8d58824f085410ea2025befe81150aceb123e345",
                "sha256:1a7c59c6ffd6ef5db362b798f350e24ab2cfa5700d53ac6681918f314a4d3b94",
                "sha256:1e1cf47774373777936c5aabad489fef7b1c087dcd1f426b621fda9dcc12994e",
                "sha256:206a51077773c6c5d2ce1991327cda719063a47adc02bd703c56a662cdb6c58b",
                "sha256:21fb3d24ab430fc538a96e9fbb9b150029914805d551deeac7d7822f64631dfc",
                "sha256:27e590352c76156f50f538dbcebd1925317a0f70540f7dc8c97d2931c595783a",
                "sha256:287605bede6bd36e930577c5925fcea17cb30453d96a7b4c63c14a257118dbb9",
                "sha256:2aaf6a0a6465d39b5ca69688fce82d20088c1838534982996ec46633dc7ad6cc",
                "sha256:32a73c53783becdb7eaf75a2a1525ea8e49379fb7248c3eeefb9412123536387",
                "sha256:41fb58868b816c202e8881fd0f179a4644ce6e7cbbb248ef0283a34b73ec73bb",
                "sha256:4780677767dd52b99f0af1f123bc2c22873d30b474aa0e2fc3fe5e02217687c7",
                "sha256:4878e667ebabe9b65e785ac8da4d48886fe81193a84bbe49f12acff8f7a383a4",
                "sha256:487c8e61d7acc50b8be82bda8c8d21d20e133c3cbf41bd8ad7eb1aaeb3f07c97",
                "sha256:4beea0f31491bc086991b97517b9683e5cfb369205dac0148ef685ac12a20a67",
                "sha256:4cfbe42c686f33944e12f45a27d25a492cc0e43e1dc1da5d6a87cbcaf2e95627",
                "sha256:4d5bae0a37af799207140652a700f21a85946f107a199bcb06720b13a4f1f0b7",
                "sha256:4e285b5f2bf321fc0857b491b5028c5f276ec0c873b985d58d7748ece1d770dd",
                "sha256:57e4d637258703d14171b54203fd6822fda218c6c2658a7d30816b10995f29f3",
                "sha256:5974895115737a74a00b321e339b9c3f45c20275d226398ae79ac008d908bff7",
                "sha256:5ef87fca280fb15342726bd5f980f6faf8b84a5287fcc2d4962ea8af88b35130",
                "sha256:603a464c2e67d8a546ddaa206d98e3246e5db05594b97db844c2f0a1af37cf5b",
                "sha256:6653071f4f9bac46fbc30f3c7838b0e9063ee335908c5d61fb7a4a86c8fd2036",
                "sha256:6ca2264f341dd81e41f3fffecec6e446aa2121e0b8d026fb5130e02de1402785",
                "sha256:6d279033bf614953c3fc4a0aa9ac33a21e8044ca72d4fa8b9273fe75359d5cca",
                "sha256:6d949f53ad4fc7cf02c44d6678e7ff05ec5f5552b235b9e136bd52e9bf730b91",
                "sha256:6daa662aba22ef3258934105be2dd9afa5bb45748f4f702a3b39a5bf53a1f4dc",
                "sha256:6eafc048ea3f1b3c136c71a86db393be36b5b3d9c87b1c25204e7d397cee9536",
                "sha256:830c88747dce8a3e7525defa68afd742b4580df6aa2fdd6f0855481e3994d391",
                "sha256:86e92728ef3fc842c50a5cb1d5ba2bc66db7da08a7af53fb3da79e202d1b2cd3",
                "sha256:8caf4d16b31961e964c62194ea3e26a0e9561cdf72eecb1781458b67ec83423d",
                "sha256:8d1a92d8e90b286d491e5626af53afef2ba04da33e82e30744795c71880eaa21",
                "sha256:8f0a4d179c9a941eb80c3a63cdb495e539e064f8054230844dcf2fcb812b71d3",
                "sha256:9232b09f5efee6a495a99ae6824881940d6447debe272ea400c02e3b68aad85d",
                "sha256:927a9dd016d6033bc12e0bf5dee1dde140235fc8d0d51099353c76081c03dc29",
                "sha256:93e414e3206779ef41e5ff2448067213febf260ba747fc65389a3ddaa3fb8715",
                "sha256:98cafc618614d72b02185ac583c6f7796202062c41d2eeecdf07820bad3295ed",
                "sha256:9c3a88d20e4fe4a2a4a84bf439a5ac9c9aba400b85244c63a1ab7088f85d9d25",
                "sha256:9f36de4cd0c262dd9927886cc2305aa3f2210db437aa4fed3fb4940b8bf4592c",
                "sha256:a60f90bba4c37962cbf210f0188ecca87daafdf60271f4c6948606e4dabf8785",
                "sha256:a614e4afed58c14254e67862456d212c4dcceebab2eaa44d627c2ca04bf86837",
                "sha256:ae06c1e4bc60ee076292e582a7512f304abdf6c70db59b56745cca1684f875a4",
                "sha256:b122a188cd292c4d2fcd78d04f863b789ef43aa129b233d7c9004de08693728b",
                "sha256:b570da8cd0012f4af9fa76a5635cd31f707473e65a5a335b186069d5c7121ff2",
                "sha256:bcaa1c495ce623966d9fc8a187da80082334236a2a1c7e141763ffaf7a405067",
                "sha256:bd34f6d1810d9354dc7e35158aa6cc33456be7706df4420819af6ed966e85448",
                "sha256:be9eb06489bc975c38706902cbc6888f39e946b81383abc2838d186f0e8b6a9d",
                "sha256:c4b2e0559b68455c085fb0f6178e9752c4be3bba104d6e881eb5573b399d1eb2",
                "sha256:c62e8dd9754b7debda0c5ba59d34509c4688f853588d75b53c3791983faa96fc",
                "sha256:c852b1530083a620cb0de5f3cd6826f19862bafeaf77586f1aef326e49d95f0c",
                "sha256:d9fc0bf3ff86c17348dfc5d322f627d78273eba545db865c3cd14b3f19e57fa5",
                "sha256:dad7b164905d3e534883281c050180afcf1e230c3d4a54e8038aa5cfcf312b84",
                "sha256:e5f66bdf0976ec667fc4594d2812a00b07ed14d1b44259d19a41ae3fff99f2b8",
                "sha256:e8f0c9d65da595cfe91713bc1222af9ecabd37971762cb830dea2fc3b3bb2acf",
                "sha256:edffbe3c510d8f4bf8640e02ca019e48a9b72357318383ca60e3330c23aaffc7",
                "sha256:eea5d6443b093e1545ad0210e6cf27f920482bfcf5c77cdc8596aec73523bb7e",
                "sha256:ef72013e20dd5ba86a8ae1aed7f56f31d3374189aa8b433e7b12ad182c0d2dfb",
                "sha256:f05251bbc2145349b8d0b77c0d4e5f3b228418807b1ee27cefb11f69ed3d233b",
                "sha256:f1be258c4d3dc609e654a1dc59d37b17d7fef05df912c01fc2e15eb43a9735f3",
                "sha256:f9ced82717c7ec65a67667bb05865ffe38af0e835cdd78728f1209c8fffe0cad",
                "sha256:fe17d10b97fdf58155f858606bddb4e037b805a60ae023c009f760d8361a4eb8",
                "sha256:fe749b052bb7233fe5d072fcb549221a8cb1a16725c47c37e42b0b9cb3ff2c3f"
            ],
            "markers": "python_version >= '2.7' and python_version not in '3.0, 3.1, 3.2, 3.3, 3.4'",
            "version": "==4.9.1"
        },
        "more-itertools": {
            "hashes": [
                "sha256:a42901a0a5b169d925f6f217cd5a190e32ef54360905b9c39ee7db5313bfec0f",
                "sha256:c5122bffc5f104d37c1626b8615b511f3427aa5389b94d61e5ef8236bfbc3ddb"
            ],
            "index": "pypi",
            "version": "==8.13.0"
        },
        "mypy": {
            "hashes": [
                "sha256:006be38474216b833eca29ff6b73e143386f352e10e9c2fbe76aa8549e5554f5",
                "sha256:03c6cc893e7563e7b2949b969e63f02c000b32502a1b4d1314cabe391aa87d66",
                "sha256:0e9f70df36405c25cc530a86eeda1e0867863d9471fe76d1273c783df3d35c2e",
                "sha256:1ece702f29270ec6af25db8cf6185c04c02311c6bb21a69f423d40e527b75c56",
                "sha256:3e09f1f983a71d0672bbc97ae33ee3709d10c779beb613febc36805a6e28bb4e",
                "sha256:439c726a3b3da7ca84a0199a8ab444cd8896d95012c4a6c4a0d808e3147abf5d",
                "sha256:5a0b53747f713f490affdceef835d8f0cb7285187a6a44c33821b6d1f46ed813",
                "sha256:5f1332964963d4832a94bebc10f13d3279be3ce8f6c64da563d6ee6e2eeda932",
                "sha256:63e85a03770ebf403291ec50097954cc5caf2a9205c888ce3a61bd3f82e17569",
                "sha256:64759a273d590040a592e0f4186539858c948302c653c2eac840c7a3cd29e51b",
                "sha256:697540876638ce349b01b6786bc6094ccdaba88af446a9abb967293ce6eaa2b0",
                "sha256:9940e6916ed9371809b35b2154baf1f684acba935cd09928952310fbddaba648",
                "sha256:9f5f5a74085d9a81a1f9c78081d60a0040c3efb3f28e5c9912b900adf59a16e6",
                "sha256:a5ea0875a049de1b63b972456542f04643daf320d27dc592d7c3d9cd5d9bf950",
                "sha256:b117650592e1782819829605a193360a08aa99f1fc23d1d71e1a75a142dc7e15",
                "sha256:b24be97351084b11582fef18d79004b3e4db572219deee0212078f7cf6352723",
                "sha256:b88f784e9e35dcaa075519096dc947a388319cb86811b6af621e3523980f1c8a",
                "sha256:bdd5ca340beffb8c44cb9dc26697628d1b88c6bddf5c2f6eb308c46f269bb6f3",
                "sha256:d5aaf1edaa7692490f72bdb9fbd941fbf2e201713523bdb3f4038be0af8846c6",
                "sha256:e999229b9f3198c0c880d5e269f9f8129c8862451ce53a011326cad38b9ccd24",
                "sha256:f4a21d01fc0ba4e31d82f0fff195682e29f9401a8bdb7173891070eb260aeb3b",
                "sha256:f4b794db44168a4fc886e3450201365c9526a522c46ba089b55e1f11c163750d",
                "sha256:f730d56cb924d371c26b8eaddeea3cc07d78ff51c521c6d04899ac6904b75492"
            ],
            "index": "pypi",
            "version": "==0.961"
        },
        "mypy-extensions": {
            "hashes": [
                "sha256:090fedd75945a69ae91ce1303b5824f428daf5a028d2f6ab8a299250a846f15d",
                "sha256:2d82818f5bb3e369420cb3c4060a7970edba416647068eb4c5343488a6c604a8"
            ],
            "version": "==0.4.3"
        },
        "pydantic": {
            "hashes": [
                "sha256:02eefd7087268b711a3ff4db528e9916ac9aa18616da7bca69c1871d0b7a091f",
                "sha256:059b6c1795170809103a1538255883e1983e5b831faea6558ef873d4955b4a74",
                "sha256:0bf07cab5b279859c253d26a9194a8906e6f4a210063b84b433cf90a569de0c1",
                "sha256:1542636a39c4892c4f4fa6270696902acb186a9aaeac6f6cf92ce6ae2e88564b",
                "sha256:177071dfc0df6248fd22b43036f936cfe2508077a72af0933d0c1fa269b18537",
                "sha256:18f3e912f9ad1bdec27fb06b8198a2ccc32f201e24174cec1b3424dda605a310",
                "sha256:1dd8fecbad028cd89d04a46688d2fcc14423e8a196d5b0a5c65105664901f810",
                "sha256:1ed987c3ff29fff7fd8c3ea3a3ea877ad310aae2ef9889a119e22d3f2db0691a",
                "sha256:447d5521575f18e18240906beadc58551e97ec98142266e521c34968c76c8761",
                "sha256:494f7c8537f0c02b740c229af4cb47c0d39840b829ecdcfc93d91dcbb0779892",
                "sha256:4988c0f13c42bfa9ddd2fe2f569c9d54646ce84adc5de84228cfe83396f3bd58",
                "sha256:4ce9ae9e91f46c344bec3b03d6ee9612802682c1551aaf627ad24045ce090761",
                "sha256:5d93d4e95eacd313d2c765ebe40d49ca9dd2ed90e5b37d0d421c597af830c195",
                "sha256:61b6760b08b7c395975d893e0b814a11cf011ebb24f7d869e7118f5a339a82e1",
                "sha256:72ccb318bf0c9ab97fc04c10c37683d9eea952ed526707fabf9ac5ae59b701fd",
                "sha256:79b485767c13788ee314669008d01f9ef3bc05db9ea3298f6a50d3ef596a154b",
                "sha256:7eb57ba90929bac0b6cc2af2373893d80ac559adda6933e562dcfb375029acee",
                "sha256:8bc541a405423ce0e51c19f637050acdbdf8feca34150e0d17f675e72d119580",
                "sha256:969dd06110cb780da01336b281f53e2e7eb3a482831df441fb65dd30403f4608",
                "sha256:985ceb5d0a86fcaa61e45781e567a59baa0da292d5ed2e490d612d0de5796918",
                "sha256:9bcf8b6e011be08fb729d110f3e22e654a50f8a826b0575c7196616780683380",
                "sha256:9ce157d979f742a915b75f792dbd6aa63b8eccaf46a1005ba03aa8a986bde34a",
                "sha256:9f659a5ee95c8baa2436d392267988fd0f43eb774e5eb8739252e5a7e9cf07e0",
                "sha256:a4a88dcd6ff8fd47c18b3a3709a89adb39a6373f4482e04c1b765045c7e282fd",
                "sha256:a955260d47f03df08acf45689bd163ed9df82c0e0124beb4251b1290fa7ae728",
                "sha256:a9af62e9b5b9bc67b2a195ebc2c2662fdf498a822d62f902bf27cccb52dbbf49",
                "sha256:ae72f8098acb368d877b210ebe02ba12585e77bd0db78ac04a1ee9b9f5dd2166",
                "sha256:b83ba3825bc91dfa989d4eed76865e71aea3a6ca1388b59fc801ee04c4d8d0d6",
                "sha256:c11951b404e08b01b151222a1cb1a9f0a860a8153ce8334149ab9199cd198131",
                "sha256:c320c64dd876e45254bdd350f0179da737463eea41c43bacbee9d8c9d1021f11",
                "sha256:c8098a724c2784bf03e8070993f6d46aa2eeca031f8d8a048dff277703e6e193",
                "sha256:d12f96b5b64bec3f43c8e82b4aab7599d0157f11c798c9f9c528a72b9e0b339a",
                "sha256:e565a785233c2d03724c4dc55464559639b1ba9ecf091288dd47ad9c629433bd",
                "sha256:f0f047e11febe5c3198ed346b507e1d010330d56ad615a7e0a89fae604065a0e",
                "sha256:fe4670cb32ea98ffbf5a1262f14c3e102cccd92b1869df3bb09538158ba90fe6"
            ],
            "index": "pypi",
            "version": "==1.9.1"
        },
        "pyld": {
            "hashes": [
                "sha256:287445f888c3a332ccbd20a14844c66c2fcbaeab3c99acd506a0788e2ebb2f82"
            ],
            "index": "pypi",
            "version": "==2.0.3"
        },
        "regex": {
            "hashes": [
                "sha256:00d2e907d3c5e4f85197c8d2263a9cc2d34bf234a9c6236ae42a3fb0bc09b759",
                "sha256:0186edcda692c38381db8ac257c2d023fd2e08818d45dc5bee4ed84212045f51",
                "sha256:06c509bd7dcb7966bdb03974457d548e54d8327bad5b0c917e87248edc43e2eb",
                "sha256:0a3f3f45c5902eb4d90266002ccb035531ae9b9278f6d5e8028247c34d192099",
                "sha256:0c1821146b429e6fdbd13ea10f26765e48d5284bc79749468cfbfe3ceb929f0d",
                "sha256:0d93167b7d7731fa9ff9fdc1bae84ec9c7133b01a35f8cc04e926d48da6ce1f7",
                "sha256:0fd8c3635fa03ef79d07c7b3ed693b3f3930ccb52c0c51761c3296a7525b135c",
                "sha256:119091c675e6ad19da8770f89aa1d52f4ad2a2018d631956f3e90c45882df880",
                "sha256:121981ba84309dabefd5e1debd49be6d51624e54b4d44bfc184cd8d555ff1df1",
                "sha256:1244e9b9b4b81c9c34e8a84273ffaeebdc78abc98a5b02dcdd49845eb3c63bd7",
                "sha256:12e1404dfb4e928d3273a10e3468877fe84bdcd3c50b655a2c9613cfc5d9fe63",
                "sha256:13d74951c14708f00700bb29475129ecbc40e01b4029c62ee7bfe9d1f59f31ce",
                "sha256:162a5939a6fdf48658d3565eeff35acdd207e07367bf5caaff3d9ea7cb77d7a9",
                "sha256:1703490c5b850fa9cef1af00c58966756042e6ca22f4fb5bb857345cd535834f",
                "sha256:18e6203cfd81df42a987175aaeed7ba46bcb42130cd81763e2d5edcff0006d5d",
                "sha256:192c2784833aea6fc7b004730bf1b91b8b8c6b998b30271aaf3bd8adfef20a96",
                "sha256:1948d3ceac5b2d55bc93159c1e0679a256a87a54c735be5cef4543a9e692dbb9",
                "sha256:206a327e628bc529d64b21ff79a5e2564f5aec7dc7abcd4b2e8a4b271ec10550",
                "sha256:2e5db20412f0db8798ff72473d16da5f13ec808e975b49188badb2462f529fa9",
                "sha256:2f94b0befc811fe74a972b1739fffbf74c0dc1a91102aca8e324aa4f2c6991bd",
                "sha256:303676797c4c7978726e74eb8255d68f7125a3a29da71ff453448f2117290e9a",
                "sha256:34ae4f35db30caa4caf85c55069fcb7a05966a3a5ba6e9e1dab5477d84fbb08a",
                "sha256:3c6df8be7d1dd35a0d9a200fbc29f888c4452c8882d284f87608046152e049e6",
                "sha256:402fa998c5988d11ed34585eb65740dcebd0fd11844d12eb0a6b4be178eb9c64",
                "sha256:40a28759d345c0bb1f5b0ac74ac04f5d48136019522c95c0ec4b07786f67ce20",
                "sha256:414ae507ba88264444baf771fec43ce0adcd4c5dbb304d3e0716f3f4d4499d2e",
                "sha256:42da079e31ae9818ffa7a35cdd16ab7104e3f7eca9c0958040aede827b2e55c6",
                "sha256:473a7d21932ce7c314953b33c32e63df690181860edcdf14bba1278cdf71b07f",
                "sha256:49fcb45931a693b0e901972c5e077ea2cf30ec39da699645c43cb8b1542c6e14",
                "sha256:4c5913cb9769038bd03e42318955c2f15a688384a6a0b807bcfc8271603d9277",
                "sha256:4cfeb71095c8d8380a5df5a38ff94d27a3f483717e509130a822b4d6400b7991",
                "sha256:4dc74f0171eede67d79a79c06eca0fe5b7b280dbb8c27ad1fae4ced2ad66268f",
                "sha256:5b1cffff2d9f832288fe516021cb81c95c57c0067b13a82f1d2daabdbc2f4270",
                "sha256:601c99ac775b6c89699a48976f3dbb000b47d3ca59362c8abc9582e6d0780d91",
                "sha256:667a06bb8d72b6da3d9cf38dac4ba969688868ed2279a692e993d2c0e1c30aba",
                "sha256:673549a0136c7893f567ed71ab5225ed3701c79b17c0a7faee846c645fc24010",
                "sha256:67bd3bdd27db7a6460384869dd4b9c54267d805b67d70b20495bb5767f8e051c",
                "sha256:727edff0a4eaff3b6d26cbb50216feac9055aba7e6290eec23c061c2fe2fab55",
                "sha256:782627a1cb8fbb1c78d8e841f5b71c2c683086c038f975bebdac7cce7678a96f",
                "sha256:7d462ba84655abeddae4dfc517fe1afefb5430b3b5acb0a954de12a47aea7183",
                "sha256:8ab39aa445d00902c43a1e951871bedc7f18d095a21eccba153d594faac34aea",
                "sha256:8e2075ed4ea2e231e2e98b16cfa5dae87e9a6045a71104525e1efc29aa8faa8e",
                "sha256:9daeccb2764bf4cc280c40c6411ae176bb0876948e536590a052b3d647254c95",
                "sha256:9e4006942334fa954ebd32fa0728718ec870f95f4ba7cda9edc46dd49c294f22",
                "sha256:9f1c8fffd4def0b76c0947b8cb261b266e31041785dc2dc2db7569407a2f54fe",
                "sha256:a00cd58a30a1041c193777cb1bc090200b05ff4b073d5935738afd1023e63069",
                "sha256:a0220a7a16fd4bfc700661f920510defd31ef7830ce992d5cc51777aa8ccd724",
                "sha256:a048f91823862270905cb22ef88038b08aac852ce48e0ecc4b4bf1b895ec37d9",
                "sha256:a3c47c71fde0c5d584402e67546c81af9951540f1f622d821e9c20761556473a",
                "sha256:a6d9ea727fd1233ee746bf44dd37e7d4320b3ed8ff09e73d7638c969b28d280f",
                "sha256:ab0709daedc1099bbd4371ae17eeedd4efc1cf70fcdcfe5de1374a0944b61f80",
                "sha256:ab1cb36b411f16da6e057ef8e6657dd0af36f59a667f07e0b4b617e44e53d7b2",
                "sha256:ae1c5b435d44aa91d48cc710f20c3485e0584a3ad3565d5ae031d61a35f674f4",
                "sha256:b279b9bb401af41130fd2a09427105100bc8c624ed45da1c81c1c0d0aa639734",
                "sha256:b72a4ec79a15f6066d14ae1c472b743af4b4ecee14420e8d6e4a336b49b8f21c",
                "sha256:c2cd93725911c0159d597b90c96151070ef7e0e67604637e2f2abe06c34bf079",
                "sha256:c7c5f914b0eb5242c09f91058b80295525897e873b522575ab235b48db125597",
                "sha256:d07d849c9e2eca80adb85d3567302a47195a603ad7b1f0a07508e253c041f954",
                "sha256:d2672d68cf6c8452b6758fc3cd2d8feac966d511eed79a68182a5297b473af9c",
                "sha256:d35bbcbf70d14f724e7489746cf68efe122796578addd98f91428e144d0ad266",
                "sha256:d40b4447784dbe0896a6d10a178f6724598161f942c56f5a60dc0ef7fe63f7a1",
                "sha256:d561dcb0fb0ab858291837d51330696a45fd3ba6912a332a4ee130e5484b9e47",
                "sha256:d7f5ccfff648093152cadf6d886c7bd922047532f72024c953a79c7553aac2fe",
                "sha256:dce6b2ad817e3eb107f8704782b091b0631dd3adf47f14bdc086165d05b528b0",
                "sha256:e1fdda3ec7e9785065b67941693995cab95b54023a21db9bf39e54cc7b2c3526",
                "sha256:e2a262ec85c595fc8e1f3162cafc654d2219125c00ea3a190c173cea70d2cc7a",
                "sha256:e2fc1e3928c1189c0382c547c17717c6d9f425fffe619ef94270fe4c6c8be0a6",
                "sha256:ea27acd97a752cfefa9907da935e583efecb302e6e9866f37565968c8407ad58",
                "sha256:ee769a438827e443ed428e66d0aa7131c653ecd86ddc5d4644a81ed1d93af0e7",
                "sha256:f32e0d1c7e7b0b9c3cac76f3d278e7ee6b99c95672d2c1c6ea625033431837c0",
                "sha256:f355caec5bbce20421dc26e53787b10e32fd0df68db2b795435217210c08d69c",
                "sha256:f87e9108bb532f8a1fc6bf7e69b930a35c7b0267b8fef0a3ede0bcb4c5aaa531",
                "sha256:f8a2fd2f62a77536e4e3193303bec380df40d99e253b1c8f9b6eafa07eaeff67",
                "sha256:fbdf4fc6adf38fab1091c579ece3fe9f493bd0f1cfc3d2c76d2e52461ca4f8a9"
            ],
            "markers": "python_version >= '3.6'",
            "version": "==2022.7.9"
        },
        "requests": {
            "hashes": [
                "sha256:7c5599b102feddaa661c826c56ab4fee28bfd17f5abca1ebbe3e7f19d7c97983",
                "sha256:8fefa2a1a1365bf5520aac41836fbee479da67864514bdb821f31ce07ce65349"
            ],
            "index": "pypi",
            "version": "==2.28.1"
        },
        "rfc3986": {
            "hashes": [
                "sha256:270aaf10d87d0d4e095063c65bf3ddbc6ee3d0b226328ce21e036f946e421835",
                "sha256:a86d6e1f5b1dc238b218b012df0aa79409667bb209e58da56d0b94704e712a97"
            ],
            "version": "==1.5.0"
        },
        "sniffio": {
            "hashes": [
                "sha256:471b71698eac1c2112a40ce2752bb2f4a4814c22a54a3eed3676bc0f5ca9f663",
                "sha256:c4666eecec1d3f50960c6bdf61ab7bc350648da6c126e3cf6898d8cd4ddcd3de"
            ],
            "markers": "python_version >= '3.5'",
            "version": "==1.2.0"
        },
        "soupsieve": {
            "hashes": [
                "sha256:3b2503d3c7084a42b1ebd08116e5f81aadfaea95863628c80a3b774a11b7c759",
                "sha256:fc53893b3da2c33de295667a0e19f078c14bf86544af307354de5fcf12a3f30d"
            ],
            "markers": "python_version >= '3.6'",
            "version": "==2.3.2.post1"
        },
        "tomli": {
            "hashes": [
                "sha256:939de3e7a6161af0c887ef91b7d41a53e7c5a1ca976325f429cb46ea9bc30ecc",
                "sha256:de526c12914f0c550d15924c62d72abc48d6fe7364aa87328337a31007fe8a4f"
            ],
            "markers": "python_version < '3.11'",
            "version": "==2.0.1"
        },
        "tqdm": {
            "hashes": [
                "sha256:40be55d30e200777a307a7585aee69e4eabb46b4ec6a4b4a5f2d9f11e7d5408d",
                "sha256:74a2cdefe14d11442cedf3ba4e21a3b84ff9a2dbdc6cfae2c34addb2a14a5ea6"
            ],
            "index": "pypi",
            "version": "==4.64.0"
        },
        "typer": {
            "hashes": [
                "sha256:4c285a5585c94d32c305444af934f0078b6a8ba91464f3f85807c91cd499d195",
                "sha256:a34409c0029ba7e48cb9e4f54c6400bf4158a6145b5dea32788e7a36ebbcb312"
            ],
            "index": "pypi",
            "version": "==0.5.0"
        },
        "typing-extensions": {
            "hashes": [
                "sha256:25642c956049920a5aa49edcdd6ab1e06d7e5d467fc00e0506c44ac86fbfca02",
                "sha256:e6d2677a32f47fc7eb2795db1dd15c1f34eff616bcaf2cfb5e997f854fa1c4a6"
            ],
            "markers": "python_version >= '3.7'",
            "version": "==4.3.0"
        },
        "urllib3": {
            "hashes": [
                "sha256:8298d6d56d39be0e3bc13c1c97d133f9b45d797169a0e11cdd0e0489d786f7ec",
                "sha256:879ba4d1e89654d9769ce13121e0f94310ea32e8d2f8cf587b77c08bbcdb30d6"
            ],
            "markers": "python_version >= '2.7' and python_version not in '3.0, 3.1, 3.2, 3.3, 3.4, 3.5' and python_version < '4'",
            "version": "==1.26.10"
        },
        "wcwidth": {
            "hashes": [
                "sha256:beb4802a9cebb9144e99086eff703a642a13d6a0052920003a230f3294bbe784",
                "sha256:c4d647b99872929fdb7bdcaa4fbe7f01413ed3d98077df798530e5b04f116c83"
            ],
            "version": "==0.2.5"
        },
        "wikitextparser": {
            "hashes": [
                "sha256:489a20e4690350a66cdcad124f5392f8bbf743c8141665febae2a55a56b49fb6",
                "sha256:a8dc65426cab4184ddf4ec45776cf4092a9a15ace481f2d563993bf2c5d63cb9"
            ],
            "index": "pypi",
            "version": "==0.49.3"
        }
    },
    "develop": {
        "attrs": {
            "hashes": [
                "sha256:2d27e3784d7a565d36ab851fe94887c5eccd6a463168875832a1be79c82828b4",
                "sha256:626ba8234211db98e869df76230a137c4c40a12d72445c45d5f5b716f076e2fd"
            ],
            "markers": "python_version >= '2.7' and python_version not in '3.0, 3.1, 3.2, 3.3, 3.4'",
            "version": "==21.4.0"
        },
        "iniconfig": {
            "hashes": [
                "sha256:011e24c64b7f47f6ebd835bb12a743f2fbe9a26d4cecaa7f53bc4f35ee9da8b3",
                "sha256:bc3af051d7d14b2ee5ef9969666def0cd1a000e121eaea580d4a313df4b37f32"
            ],
            "version": "==1.1.1"
        },
        "packaging": {
            "hashes": [
                "sha256:dd47c42927d89ab911e606518907cc2d3a1f38bbd026385970643f9c5b8ecfeb",
                "sha256:ef103e05f519cdc783ae24ea4e2e0f508a9c99b2d4969652eed6a2e1ea5bd522"
            ],
            "markers": "python_version >= '3.6'",
            "version": "==21.3"
        },
        "pluggy": {
            "hashes": [
                "sha256:4224373bacce55f955a878bf9cfa763c1e360858e330072059e10bad68531159",
                "sha256:74134bbf457f031a36d68416e1509f34bd5ccc019f0bcc952c7b909d06b37bd3"
            ],
            "markers": "python_version >= '3.6'",
            "version": "==1.0.0"
        },
        "py": {
            "hashes": [
                "sha256:51c75c4126074b472f746a24399ad32f6053d1b34b68d2fa41e558e6f4a98719",
                "sha256:607c53218732647dff4acdfcd50cb62615cedf612e72d1724fb1a0cc6405b378"
            ],
            "markers": "python_version >= '2.7' and python_version not in '3.0, 3.1, 3.2, 3.3, 3.4'",
            "version": "==1.11.0"
        },
        "pyparsing": {
            "hashes": [
                "sha256:2b020ecf7d21b687f219b71ecad3631f644a47f01403fa1d1036b0c6416d70fb",
                "sha256:5026bae9a10eeaefb61dab2f09052b9f4307d44aee4eda64b309723d8d206bbc"
            ],
            "markers": "python_full_version >= '3.6.8'",
            "version": "==3.0.9"
        },
        "pytest": {
            "hashes": [
                "sha256:13d0e3ccfc2b6e26be000cb6568c832ba67ba32e719443bfe725814d3c42433c",
                "sha256:a06a0425453864a270bc45e71f783330a7428defb4230fb5e6a731fde06ecd45"
            ],
            "index": "pypi",
            "version": "==7.1.2"
        },
        "tomli": {
            "hashes": [
                "sha256:939de3e7a6161af0c887ef91b7d41a53e7c5a1ca976325f429cb46ea9bc30ecc",
                "sha256:de526c12914f0c550d15924c62d72abc48d6fe7364aa87328337a31007fe8a4f"
            ],
            "markers": "python_version < '3.11'",
            "version": "==2.0.1"
        }
    }
}
